hash: 0b4e5835f4cfefbd66ce83625e17867914c0e4b33ee7ecd9460705852a5d7755
updated: 2016-10-11T08:08:55.281677449-07:00
imports:
- name: github.com/fsnotify/fsnotify
  version: f12c6236fe7b5cf6bcf30e5935d08cb079d78334
- name: github.com/hashicorp/hcl
  version: baeb59c710717b06aac1dbe2270e8192ec593244
  subpackages:
  - hcl/ast
  - hcl/parser
  - hcl/token
  - json/parser
  - hcl/scanner
  - hcl/strconv
  - json/scanner
  - json/token
- name: github.com/inconshreveable/mousetrap
  version: 76626ae9c91c4f2a10f34cad8ce83ea42c93bb75
- name: github.com/kr/fs
  version: 2788f0dbd16903de03cb8186e5c7d97b69ad387b
- name: github.com/magiconair/properties
  version: 61b492c03cf472e0c6419be5899b8e0dc28b1b88
- name: github.com/mitchellh/mapstructure
  version: ca63d7c062ee3c9f34db231e352b60012b4fd0c1
- name: github.com/pelletier/go-buffruneio
  version: df1e16fde7fc330a0ca68167c23bf7ed6ac31d6d
- name: github.com/pelletier/go-toml
  version: 5a62685873ef617233ab5f1b825a6e4a758e16cf
- name: github.com/pkg/errors
  version: 17b591df37844cde689f4d5813e5cea0927d8dd2
- name: github.com/pkg/sftp
  version: a71e8f580e3b622ebff585309160b1cc549ef4d2
- name: github.com/Sirupsen/logrus
  version: 4b6ea7319e214d98c938f12692336f7ca9348d6b
- name: github.com/spf13/afero
  version: 20500e2abd0d1f4564a499e83d11d6c73cd58c27
  subpackages:
  - mem
  - sftp
- name: github.com/spf13/cast
  version: e31f36ffc91a2ba9ddb72a4b6a607ff9b3d3cb63
- name: github.com/spf13/cobra
  version: 37c3f8060359192150945916cbc2d72bce804b4d
- name: github.com/spf13/jwalterweatherman
  version: 33c24e77fb80341fe7130ee7c594256ff08ccc46
- name: github.com/spf13/pflag
  version: 103ce5cd2042f2fe629c1957abb64ab3e7f50235
- name: github.com/spf13/viper
  version: 7fb2782df3d83e0036cc89f461ed0422628776f4
- name: golang.org/x/crypto
  version: 351dc6a5bf92a5f2ae22fadeee08eb6a45aa2d93
  subpackages:
  - ssh
  - curve25519
  - ed25519
  - ed25519/internal/edwards25519
- name: golang.org/x/sys
  version: a646d33e2ee3172a661fc09bca23bb4889a41bc8
  subpackages:
  - unix
- name: golang.org/x/text
  version: d69c40b4be55797923cec7457fac7a244d91a9b6
  subpackages:
  - transform
  - unicode/norm
- name: gopkg.in/yaml.v2
  version: e4d366fc3c7938e2958e662b4258c7a89e1f0e3e
testImports: []
